
Microsoft Visual Studio Solution File, Format Version 12.00
# Visual Studio 14
VisualStudioVersion = 14.0.23107.0
MinimumVisualStudioVersion = 10.0.40219.1
Project("{FAE04EC0-301F-11D3-BF4B-00C04F79EFBC}") = "More Arrays", "More Arrays\More Arrays.csproj", "{3DCD6245-BC36-4D10-87E8-06888A4BE326}"
EndProject
Global
	GlobalSection(SolutionConfigurationPlatforms) = preSolution
		Debug|Any CPU = Debug|Any CPU
		Release|Any CPU = Release|Any CPU
	EndGlobalSection
	GlobalSection(ProjectConfigurationPlatforms) = postSolution
		{3DCD6245-BC36-4D10-87E8-06888A4BE326}.Debug|Any CPU.ActiveCfg = Debug|Any CPU
		{3DCD6245-BC36-4D10-87E8-06888A4BE326}.Debug|Any CPU.Build.0 = Debug|Any CPU
		{3DCD6245-BC36-4D10-87E8-06888A4BE326}.Release|Any CPU.ActiveCfg = Release|Any CPU
		{3DCD6245-BC36-4D10-87E8-06888A4BE326}.Release|Any CPU.Build.0 = Release|Any CPU
	EndGlobalSection
	GlobalSection(SolutionProperties) = preSolution
		HideSolutionNode = FALSE
	EndGlobalSection
EndGlobal
