
Microsoft Visual Studio Solution File, Format Version 12.00
# Visual Studio 14
VisualStudioVersion = 14.0.23107.0
MinimumVisualStudioVersion = 10.0.40219.1
Project("{FAE04EC0-301F-11D3-BF4B-00C04F79EFBC}") = "PE21", "PE21\PE21.csproj", "{ABB43BAE-46E1-4912-B3D8-9186F06F755E}"
EndProject
Global
	GlobalSection(SolutionConfigurationPlatforms) = preSolution
		Debug|Any CPU = Debug|Any CPU
		Release|Any CPU = Release|Any CPU
	EndGlobalSection
	GlobalSection(ProjectConfigurationPlatforms) = postSolution
		{ABB43BAE-46E1-4912-B3D8-9186F06F755E}.Debug|Any CPU.ActiveCfg = Debug|Any CPU
		{ABB43BAE-46E1-4912-B3D8-9186F06F755E}.Debug|Any CPU.Build.0 = Debug|Any CPU
		{ABB43BAE-46E1-4912-B3D8-9186F06F755E}.Release|Any CPU.ActiveCfg = Release|Any CPU
		{ABB43BAE-46E1-4912-B3D8-9186F06F755E}.Release|Any CPU.Build.0 = Release|Any CPU
	EndGlobalSection
	GlobalSection(SolutionProperties) = preSolution
		HideSolutionNode = FALSE
	EndGlobalSection
EndGlobal
